
Microsoft Visual Studio Solution File, Format Version 12.00
# Visual Studio Version 18
VisualStudioVersion = 18.0.11217.181
MinimumVisualStudioVersion = 10.0.40219.1
Project("{9A19103F-16F7-4668-BE54-9A1E7A4F7556}") = "OpenDMSBackend", "OpenDMSBackend\OpenDMSBackend.csproj", "{C8683E71-F39A-4C0C-BAE3-619207F9A4DB}"
EndProject
Project("{9A19103F-16F7-4668-BE54-9A1E7A4F7556}") = "OpenDMSBackendTests", "OpenDMSBackendTests\OpenDMSBackendTests.csproj", "{740C3BA4-87F3-49A3-95C8-A3CEC80C01BF}"
EndProject
Project("{2150E333-8FDC-42A3-9474-1A3956D46DE8}") = "Solution Items", "Solution Items", "{C0DBDDF5-3B3E-479B-9C18-0E7271FD559C}"
EndProject
Global
	GlobalSection(SolutionConfigurationPlatforms) = preSolution
		Development|Any CPU = Development|Any CPU
		Productive|Any CPU = Productive|Any CPU
		QualityCheck|Any CPU = QualityCheck|Any CPU
	EndGlobalSection
	GlobalSection(ProjectConfigurationPlatforms) = postSolution
		{C8683E71-F39A-4C0C-BAE3-619207F9A4DB}.Development|Any CPU.ActiveCfg = Development|Any CPU
		{C8683E71-F39A-4C0C-BAE3-619207F9A4DB}.Development|Any CPU.Build.0 = Development|Any CPU
		{C8683E71-F39A-4C0C-BAE3-619207F9A4DB}.Productive|Any CPU.ActiveCfg = Productive|Any CPU
		{C8683E71-F39A-4C0C-BAE3-619207F9A4DB}.Productive|Any CPU.Build.0 = Productive|Any CPU
		{C8683E71-F39A-4C0C-BAE3-619207F9A4DB}.QualityCheck|Any CPU.ActiveCfg = QualityCheck|Any CPU
		{C8683E71-F39A-4C0C-BAE3-619207F9A4DB}.QualityCheck|Any CPU.Build.0 = QualityCheck|Any CPU
		{740C3BA4-87F3-49A3-95C8-A3CEC80C01BF}.Development|Any CPU.ActiveCfg = Development|Any CPU
		{740C3BA4-87F3-49A3-95C8-A3CEC80C01BF}.Development|Any CPU.Build.0 = Development|Any CPU
		{740C3BA4-87F3-49A3-95C8-A3CEC80C01BF}.Productive|Any CPU.ActiveCfg = Productive|Any CPU
		{740C3BA4-87F3-49A3-95C8-A3CEC80C01BF}.Productive|Any CPU.Build.0 = Productive|Any CPU
		{740C3BA4-87F3-49A3-95C8-A3CEC80C01BF}.QualityCheck|Any CPU.ActiveCfg = QualityCheck|Any CPU
		{740C3BA4-87F3-49A3-95C8-A3CEC80C01BF}.QualityCheck|Any CPU.Build.0 = QualityCheck|Any CPU
	EndGlobalSection
	GlobalSection(SolutionProperties) = preSolution
		HideSolutionNode = FALSE
	EndGlobalSection
	GlobalSection(ExtensibilityGlobals) = postSolution
		SolutionGuid = {28D8BF90-7864-4881-B658-CE96D6D22744}
	EndGlobalSection
EndGlobal
